
Microsoft Visual Studio Solution File, Format Version 12.00
# Visual Studio Version 16
VisualStudioVersion = 16.0.32002.261
MinimumVisualStudioVersion = 10.0.40219.1
Project("{FAE04EC0-301F-11D3-BF4B-00C04F79EFBC}") = "Code.Practice", "Code.Practice\Code.Practice.csproj", "{7AB93CA6-923A-49B5-AD10-171497EC4838}"
EndProject
Project("{FAE04EC0-301F-11D3-BF4B-00C04F79EFBC}") = "ArrayTest", "ArrayTest\ArrayTest.csproj", "{4C5529E1-E779-4840-ABB4-251D1CC62017}"
EndProject
Global
	GlobalSection(SolutionConfigurationPlatforms) = preSolution
		Debug|Any CPU = Debug|Any CPU
		Release|Any CPU = Release|Any CPU
	EndGlobalSection
	GlobalSection(ProjectConfigurationPlatforms) = postSolution
		{7AB93CA6-923A-49B5-AD10-171497EC4838}.Debug|Any CPU.ActiveCfg = Debug|Any CPU
		{7AB93CA6-923A-49B5-AD10-171497EC4838}.Debug|Any CPU.Build.0 = Debug|Any CPU
		{7AB93CA6-923A-49B5-AD10-171497EC4838}.Release|Any CPU.ActiveCfg = Release|Any CPU
		{7AB93CA6-923A-49B5-AD10-171497EC4838}.Release|Any CPU.Build.0 = Release|Any CPU
		{4C5529E1-E779-4840-ABB4-251D1CC62017}.Debug|Any CPU.ActiveCfg = Debug|Any CPU
		{4C5529E1-E779-4840-ABB4-251D1CC62017}.Debug|Any CPU.Build.0 = Debug|Any CPU
		{4C5529E1-E779-4840-ABB4-251D1CC62017}.Release|Any CPU.ActiveCfg = Release|Any CPU
		{4C5529E1-E779-4840-ABB4-251D1CC62017}.Release|Any CPU.Build.0 = Release|Any CPU
	EndGlobalSection
	GlobalSection(SolutionProperties) = preSolution
		HideSolutionNode = FALSE
	EndGlobalSection
	GlobalSection(ExtensibilityGlobals) = postSolution
		SolutionGuid = {2909F71C-B3D4-4017-8D02-65BEB6AF0019}
	EndGlobalSection
EndGlobal
